
Microsoft Visual Studio Solution File, Format Version 12.00
# Visual Studio Version 17
VisualStudioVersion = 17.11.35327.3
MinimumVisualStudioVersion = 10.0.40219.1
Project("{FAE04EC0-301F-11D3-BF4B-00C04F79EFBC}") = "WebApplication1", "WebApplication1\WebApplication1.csproj", "{0D9BFE59-6374-499C-BB44-20804EC1CB1E}"
EndProject
Project("{FAE04EC0-301F-11D3-BF4B-00C04F79EFBC}") = "DAL", "DAL\DAL.csproj", "{1FAEC803-B73A-4559-8AD0-21DB8082C4E8}"
EndProject
Project("{FAE04EC0-301F-11D3-BF4B-00C04F79EFBC}") = "BLL", "BLL\BLL.csproj", "{CDD9A407-D748-4EC9-B4DA-8AF765DDA6FB}"
EndProject
Global
	GlobalSection(SolutionConfigurationPlatforms) = preSolution
		Debug|Any CPU = Debug|Any CPU
		Release|Any CPU = Release|Any CPU
	EndGlobalSection
	GlobalSection(ProjectConfigurationPlatforms) = postSolution
		{0D9BFE59-6374-499C-BB44-20804EC1CB1E}.Debug|Any CPU.ActiveCfg = Debug|Any CPU
		{0D9BFE59-6374-499C-BB44-20804EC1CB1E}.Debug|Any CPU.Build.0 = Debug|Any CPU
		{0D9BFE59-6374-499C-BB44-20804EC1CB1E}.Release|Any CPU.ActiveCfg = Release|Any CPU
		{0D9BFE59-6374-499C-BB44-20804EC1CB1E}.Release|Any CPU.Build.0 = Release|Any CPU
		{1FAEC803-B73A-4559-8AD0-21DB8082C4E8}.Debug|Any CPU.ActiveCfg = Debug|Any CPU
		{1FAEC803-B73A-4559-8AD0-21DB8082C4E8}.Debug|Any CPU.Build.0 = Debug|Any CPU
		{1FAEC803-B73A-4559-8AD0-21DB8082C4E8}.Release|Any CPU.ActiveCfg = Release|Any CPU
		{1FAEC803-B73A-4559-8AD0-21DB8082C4E8}.Release|Any CPU.Build.0 = Release|Any CPU
		{CDD9A407-D748-4EC9-B4DA-8AF765DDA6FB}.Debug|Any CPU.ActiveCfg = Debug|Any CPU
		{CDD9A407-D748-4EC9-B4DA-8AF765DDA6FB}.Debug|Any CPU.Build.0 = Debug|Any CPU
		{CDD9A407-D748-4EC9-B4DA-8AF765DDA6FB}.Release|Any CPU.ActiveCfg = Release|Any CPU
		{CDD9A407-D748-4EC9-B4DA-8AF765DDA6FB}.Release|Any CPU.Build.0 = Release|Any CPU
	EndGlobalSection
	GlobalSection(SolutionProperties) = preSolution
		HideSolutionNode = FALSE
	EndGlobalSection
	GlobalSection(ExtensibilityGlobals) = postSolution
		SolutionGuid = {2837DE26-7562-473A-934D-17E5B86CFA71}
	EndGlobalSection
EndGlobal
