
Microsoft Visual Studio Solution File, Format Version 12.00
# Visual Studio Version 17
VisualStudioVersion = 17.11.35327.3
MinimumVisualStudioVersion = 10.0.40219.1
Project("{FAE04EC0-301F-11D3-BF4B-00C04F79EFBC}") = "PresentationLayer", "PresentationLayer\PresentationLayer.csproj", "{C53D085F-F7CC-4D4D-9FA2-4895375F6499}"
EndProject
Project("{FAE04EC0-301F-11D3-BF4B-00C04F79EFBC}") = "BLL", "BLL\BLL.csproj", "{66DFF9B5-E386-46AA-B507-1D9695AB9CEC}"
EndProject
Project("{FAE04EC0-301F-11D3-BF4B-00C04F79EFBC}") = "DAL", "DAL\DAL.csproj", "{2D51E41C-BEB8-41B7-8D4F-D549A131F601}"
EndProject
Global
	GlobalSection(SolutionConfigurationPlatforms) = preSolution
		Debug|Any CPU = Debug|Any CPU
		Release|Any CPU = Release|Any CPU
	EndGlobalSection
	GlobalSection(ProjectConfigurationPlatforms) = postSolution
		{C53D085F-F7CC-4D4D-9FA2-4895375F6499}.Debug|Any CPU.ActiveCfg = Debug|Any CPU
		{C53D085F-F7CC-4D4D-9FA2-4895375F6499}.Debug|Any CPU.Build.0 = Debug|Any CPU
		{C53D085F-F7CC-4D4D-9FA2-4895375F6499}.Release|Any CPU.ActiveCfg = Release|Any CPU
		{C53D085F-F7CC-4D4D-9FA2-4895375F6499}.Release|Any CPU.Build.0 = Release|Any CPU
		{66DFF9B5-E386-46AA-B507-1D9695AB9CEC}.Debug|Any CPU.ActiveCfg = Debug|Any CPU
		{66DFF9B5-E386-46AA-B507-1D9695AB9CEC}.Debug|Any CPU.Build.0 = Debug|Any CPU
		{66DFF9B5-E386-46AA-B507-1D9695AB9CEC}.Release|Any CPU.ActiveCfg = Release|Any CPU
		{66DFF9B5-E386-46AA-B507-1D9695AB9CEC}.Release|Any CPU.Build.0 = Release|Any CPU
		{2D51E41C-BEB8-41B7-8D4F-D549A131F601}.Debug|Any CPU.ActiveCfg = Debug|Any CPU
		{2D51E41C-BEB8-41B7-8D4F-D549A131F601}.Debug|Any CPU.Build.0 = Debug|Any CPU
		{2D51E41C-BEB8-41B7-8D4F-D549A131F601}.Release|Any CPU.ActiveCfg = Release|Any CPU
		{2D51E41C-BEB8-41B7-8D4F-D549A131F601}.Release|Any CPU.Build.0 = Release|Any CPU
	EndGlobalSection
	GlobalSection(SolutionProperties) = preSolution
		HideSolutionNode = FALSE
	EndGlobalSection
	GlobalSection(ExtensibilityGlobals) = postSolution
		SolutionGuid = {A93B5AB4-E3E7-4F7A-BC35-5B764EAA7C2C}
	EndGlobalSection
EndGlobal
